
Microsoft Visual Studio Solution File, Format Version 12.00
# Visual Studio Version 17
VisualStudioVersion = 17.0.31903.59
MinimumVisualStudioVersion = 10.0.40219.1
Project("{9A19103F-16F7-4668-BE54-9A1E7A4F7556}") = "API", "REST\API.csproj", "{6347D8CF-F283-4529-82AE-C5939D6C16EE}"
EndProject
Project("{9A19103F-16F7-4668-BE54-9A1E7A4F7556}") = "Application", "Application\Application.csproj", "{BD1DC8DA-D350-4FC9-ADBB-8655B9E9647D}"
EndProject
Project("{9A19103F-16F7-4668-BE54-9A1E7A4F7556}") = "Domain", "Domain\Domain.csproj", "{98DEA383-DD69-4BB6-8214-BE82A864B4A6}"
EndProject
Project("{9A19103F-16F7-4668-BE54-9A1E7A4F7556}") = "Infrastructure", "Infrastructure\Infrastructure.csproj", "{A593CD58-8E29-427B-BC5A-D343209C3EC8}"
EndProject
Project("{54A90642-561A-4BB1-A94E-469ADEE60C69}") = "client", "client\client.esproj", "{92AAAFC7-0698-47F2-B45C-C770867463B6}"
EndProject
Global
	GlobalSection(SolutionConfigurationPlatforms) = preSolution
		Debug|Any CPU = Debug|Any CPU
		Release|Any CPU = Release|Any CPU
	EndGlobalSection
	GlobalSection(ProjectConfigurationPlatforms) = postSolution
		{6347D8CF-F283-4529-82AE-C5939D6C16EE}.Debug|Any CPU.ActiveCfg = Debug|Any CPU
		{6347D8CF-F283-4529-82AE-C5939D6C16EE}.Debug|Any CPU.Build.0 = Debug|Any CPU
		{6347D8CF-F283-4529-82AE-C5939D6C16EE}.Release|Any CPU.ActiveCfg = Release|Any CPU
		{6347D8CF-F283-4529-82AE-C5939D6C16EE}.Release|Any CPU.Build.0 = Release|Any CPU
		{BD1DC8DA-D350-4FC9-ADBB-8655B9E9647D}.Debug|Any CPU.ActiveCfg = Debug|Any CPU
		{BD1DC8DA-D350-4FC9-ADBB-8655B9E9647D}.Debug|Any CPU.Build.0 = Debug|Any CPU
		{BD1DC8DA-D350-4FC9-ADBB-8655B9E9647D}.Release|Any CPU.ActiveCfg = Release|Any CPU
		{BD1DC8DA-D350-4FC9-ADBB-8655B9E9647D}.Release|Any CPU.Build.0 = Release|Any CPU
		{98DEA383-DD69-4BB6-8214-BE82A864B4A6}.Debug|Any CPU.ActiveCfg = Debug|Any CPU
		{98DEA383-DD69-4BB6-8214-BE82A864B4A6}.Debug|Any CPU.Build.0 = Debug|Any CPU
		{98DEA383-DD69-4BB6-8214-BE82A864B4A6}.Release|Any CPU.ActiveCfg = Release|Any CPU
		{98DEA383-DD69-4BB6-8214-BE82A864B4A6}.Release|Any CPU.Build.0 = Release|Any CPU
		{A593CD58-8E29-427B-BC5A-D343209C3EC8}.Debug|Any CPU.ActiveCfg = Debug|Any CPU
		{A593CD58-8E29-427B-BC5A-D343209C3EC8}.Debug|Any CPU.Build.0 = Debug|Any CPU
		{A593CD58-8E29-427B-BC5A-D343209C3EC8}.Release|Any CPU.ActiveCfg = Release|Any CPU
		{A593CD58-8E29-427B-BC5A-D343209C3EC8}.Release|Any CPU.Build.0 = Release|Any CPU
		{92AAAFC7-0698-47F2-B45C-C770867463B6}.Debug|Any CPU.ActiveCfg = Debug|Any CPU
		{92AAAFC7-0698-47F2-B45C-C770867463B6}.Debug|Any CPU.Build.0 = Debug|Any CPU
		{92AAAFC7-0698-47F2-B45C-C770867463B6}.Debug|Any CPU.Deploy.0 = Debug|Any CPU
		{92AAAFC7-0698-47F2-B45C-C770867463B6}.Release|Any CPU.ActiveCfg = Release|Any CPU
		{92AAAFC7-0698-47F2-B45C-C770867463B6}.Release|Any CPU.Build.0 = Release|Any CPU
		{92AAAFC7-0698-47F2-B45C-C770867463B6}.Release|Any CPU.Deploy.0 = Release|Any CPU
	EndGlobalSection
	GlobalSection(SolutionProperties) = preSolution
		HideSolutionNode = FALSE
	EndGlobalSection
	GlobalSection(ExtensibilityGlobals) = postSolution
		SolutionGuid = {59606FA7-342E-4263-976C-B4B4354DEF29}
	EndGlobalSection
EndGlobal
